
Microsoft Visual Studio Solution File, Format Version 12.00
# Visual Studio 15
VisualStudioVersion = 15.0.27703.2035
MinimumVisualStudioVersion = 10.0.40219.1
Project("{FAE04EC0-301F-11D3-BF4B-00C04F79EFBC}") = "Autodictor", "Autodictor\Autodictor.csproj", "{C93BB634-DE26-421B-9388-DBC08A777798}"
EndProject
Project("{FAE04EC0-301F-11D3-BF4B-00C04F79EFBC}") = "WCFCis2AvtodictorContract", "WCFCis2AvtodictorContract\WCFCis2AvtodictorContract.csproj", "{57CA03DC-052F-445F-A708-EDCD02D22E3F}"
EndProject
Project("{FAE04EC0-301F-11D3-BF4B-00C04F79EFBC}") = "Library", "Library\Library.csproj", "{87B6F9EF-6A0D-4DAF-9DF0-718036B1C8E4}"
EndProject
Project("{FAE04EC0-301F-11D3-BF4B-00C04F79EFBC}") = "Communication", "Communication\Communication.csproj", "{DEA394E0-F62E-459B-98CF-3EC8DA2A90A3}"
EndProject
Project("{FAE04EC0-301F-11D3-BF4B-00C04F79EFBC}") = "CommunicationDevices", "CommunicationDevices\CommunicationDevices.csproj", "{6A763286-F0A3-4218-85D1-DD8EB40DCFF3}"
EndProject
Project("{FAE04EC0-301F-11D3-BF4B-00C04F79EFBC}") = "WCFAvtodictor2PcTableContract", "WCFAvtodictor2PcPanelContract\WCFAvtodictor2PcTableContract.csproj", "{E46E61B7-5EFB-4C62-99BA-DBA0971E2486}"
EndProject
Project("{FAE04EC0-301F-11D3-BF4B-00C04F79EFBC}") = "AutodictorBL", "AutodictorBL\AutodictorBL.csproj", "{EF089E5D-A3D1-47BA-A414-F9615E585D45}"
EndProject
Project("{2150E333-8FDC-42A3-9474-1A3956D46DE8}") = "DAL", "DAL", "{D3D1D3B1-E83B-4AB2-8AAE-47A008284576}"
EndProject
Project("{FAE04EC0-301F-11D3-BF4B-00C04F79EFBC}") = "DAL.Abstract", "DAL.Abstract\DAL.Abstract.csproj", "{B3CF5FB8-856D-4B3E-AD4C-376388DA658B}"
EndProject
Project("{FAE04EC0-301F-11D3-BF4B-00C04F79EFBC}") = "DAL.NoSqlLiteDb", "DAL.NoSqlLiteDb\DAL.NoSqlLiteDb.csproj", "{13930FA6-7596-4BBA-B813-DDA9B8DD928C}"
EndProject
Project("{FAE04EC0-301F-11D3-BF4B-00C04F79EFBC}") = "DAL.XmlRaw", "DAL.XmlRaw\DAL.XmlRaw.csproj", "{9402A81C-B557-4027-8F10-A68C57DB0054}"
EndProject
Project("{FAE04EC0-301F-11D3-BF4B-00C04F79EFBC}") = "DAL.Serialize", "DAL.Serialize\DAL.Serialize.csproj", "{51C18AE8-8F3C-472C-8290-AD06D439A7DF}"
EndProject
Project("{FAE04EC0-301F-11D3-BF4B-00C04F79EFBC}") = "DAL.InMemory", "DAL.InMemory\DAL.InMemory.csproj", "{74342E72-89AF-4218-B6EC-939FC4253443}"
EndProject
Project("{FAE04EC0-301F-11D3-BF4B-00C04F79EFBC}") = "DAL.Composite", "DAL.Composite\DAL.Composite.csproj", "{6C145733-3A76-4AFA-85F6-8E782108A27B}"
EndProject
Project("{2150E333-8FDC-42A3-9474-1A3956D46DE8}") = "Задания", "Задания", "{22A21C5C-2813-49CF-A503-3DAB8BB37D00}"
	ProjectSection(SolutionItems) = preProject
		31052018.txt = 31052018.txt
	EndProjectSection
EndProject
Global
	GlobalSection(SolutionConfigurationPlatforms) = preSolution
		Debug|Any CPU = Debug|Any CPU
		Release|Any CPU = Release|Any CPU
	EndGlobalSection
	GlobalSection(ProjectConfigurationPlatforms) = postSolution
		{C93BB634-DE26-421B-9388-DBC08A777798}.Debug|Any CPU.ActiveCfg = Debug|Any CPU
		{C93BB634-DE26-421B-9388-DBC08A777798}.Debug|Any CPU.Build.0 = Debug|Any CPU
		{C93BB634-DE26-421B-9388-DBC08A777798}.Release|Any CPU.ActiveCfg = Release|Any CPU
		{C93BB634-DE26-421B-9388-DBC08A777798}.Release|Any CPU.Build.0 = Release|Any CPU
		{57CA03DC-052F-445F-A708-EDCD02D22E3F}.Debug|Any CPU.ActiveCfg = Debug|Any CPU
		{57CA03DC-052F-445F-A708-EDCD02D22E3F}.Debug|Any CPU.Build.0 = Debug|Any CPU
		{57CA03DC-052F-445F-A708-EDCD02D22E3F}.Release|Any CPU.ActiveCfg = Release|Any CPU
		{57CA03DC-052F-445F-A708-EDCD02D22E3F}.Release|Any CPU.Build.0 = Release|Any CPU
		{87B6F9EF-6A0D-4DAF-9DF0-718036B1C8E4}.Debug|Any CPU.ActiveCfg = Debug|Any CPU
		{87B6F9EF-6A0D-4DAF-9DF0-718036B1C8E4}.Debug|Any CPU.Build.0 = Debug|Any CPU
		{87B6F9EF-6A0D-4DAF-9DF0-718036B1C8E4}.Release|Any CPU.ActiveCfg = Release|Any CPU
		{87B6F9EF-6A0D-4DAF-9DF0-718036B1C8E4}.Release|Any CPU.Build.0 = Release|Any CPU
		{DEA394E0-F62E-459B-98CF-3EC8DA2A90A3}.Debug|Any CPU.ActiveCfg = Debug|Any CPU
		{DEA394E0-F62E-459B-98CF-3EC8DA2A90A3}.Debug|Any CPU.Build.0 = Debug|Any CPU
		{DEA394E0-F62E-459B-98CF-3EC8DA2A90A3}.Release|Any CPU.ActiveCfg = Release|Any CPU
		{DEA394E0-F62E-459B-98CF-3EC8DA2A90A3}.Release|Any CPU.Build.0 = Release|Any CPU
		{6A763286-F0A3-4218-85D1-DD8EB40DCFF3}.Debug|Any CPU.ActiveCfg = Debug|Any CPU
		{6A763286-F0A3-4218-85D1-DD8EB40DCFF3}.Debug|Any CPU.Build.0 = Debug|Any CPU
		{6A763286-F0A3-4218-85D1-DD8EB40DCFF3}.Release|Any CPU.ActiveCfg = Release|Any CPU
		{6A763286-F0A3-4218-85D1-DD8EB40DCFF3}.Release|Any CPU.Build.0 = Release|Any CPU
		{E46E61B7-5EFB-4C62-99BA-DBA0971E2486}.Debug|Any CPU.ActiveCfg = Debug|Any CPU
		{E46E61B7-5EFB-4C62-99BA-DBA0971E2486}.Debug|Any CPU.Build.0 = Debug|Any CPU
		{E46E61B7-5EFB-4C62-99BA-DBA0971E2486}.Release|Any CPU.ActiveCfg = Release|Any CPU
		{E46E61B7-5EFB-4C62-99BA-DBA0971E2486}.Release|Any CPU.Build.0 = Release|Any CPU
		{EF089E5D-A3D1-47BA-A414-F9615E585D45}.Debug|Any CPU.ActiveCfg = Debug|Any CPU
		{EF089E5D-A3D1-47BA-A414-F9615E585D45}.Debug|Any CPU.Build.0 = Debug|Any CPU
		{EF089E5D-A3D1-47BA-A414-F9615E585D45}.Release|Any CPU.ActiveCfg = Release|Any CPU
		{EF089E5D-A3D1-47BA-A414-F9615E585D45}.Release|Any CPU.Build.0 = Release|Any CPU
		{B3CF5FB8-856D-4B3E-AD4C-376388DA658B}.Debug|Any CPU.ActiveCfg = Debug|Any CPU
		{B3CF5FB8-856D-4B3E-AD4C-376388DA658B}.Debug|Any CPU.Build.0 = Debug|Any CPU
		{B3CF5FB8-856D-4B3E-AD4C-376388DA658B}.Release|Any CPU.ActiveCfg = Release|Any CPU
		{B3CF5FB8-856D-4B3E-AD4C-376388DA658B}.Release|Any CPU.Build.0 = Release|Any CPU
		{13930FA6-7596-4BBA-B813-DDA9B8DD928C}.Debug|Any CPU.ActiveCfg = Debug|Any CPU
		{13930FA6-7596-4BBA-B813-DDA9B8DD928C}.Debug|Any CPU.Build.0 = Debug|Any CPU
		{13930FA6-7596-4BBA-B813-DDA9B8DD928C}.Release|Any CPU.ActiveCfg = Release|Any CPU
		{13930FA6-7596-4BBA-B813-DDA9B8DD928C}.Release|Any CPU.Build.0 = Release|Any CPU
		{9402A81C-B557-4027-8F10-A68C57DB0054}.Debug|Any CPU.ActiveCfg = Debug|Any CPU
		{9402A81C-B557-4027-8F10-A68C57DB0054}.Debug|Any CPU.Build.0 = Debug|Any CPU
		{9402A81C-B557-4027-8F10-A68C57DB0054}.Release|Any CPU.ActiveCfg = Release|Any CPU
		{9402A81C-B557-4027-8F10-A68C57DB0054}.Release|Any CPU.Build.0 = Release|Any CPU
		{51C18AE8-8F3C-472C-8290-AD06D439A7DF}.Debug|Any CPU.ActiveCfg = Debug|Any CPU
		{51C18AE8-8F3C-472C-8290-AD06D439A7DF}.Debug|Any CPU.Build.0 = Debug|Any CPU
		{51C18AE8-8F3C-472C-8290-AD06D439A7DF}.Release|Any CPU.ActiveCfg = Release|Any CPU
		{51C18AE8-8F3C-472C-8290-AD06D439A7DF}.Release|Any CPU.Build.0 = Release|Any CPU
		{74342E72-89AF-4218-B6EC-939FC4253443}.Debug|Any CPU.ActiveCfg = Debug|Any CPU
		{74342E72-89AF-4218-B6EC-939FC4253443}.Debug|Any CPU.Build.0 = Debug|Any CPU
		{74342E72-89AF-4218-B6EC-939FC4253443}.Release|Any CPU.ActiveCfg = Release|Any CPU
		{74342E72-89AF-4218-B6EC-939FC4253443}.Release|Any CPU.Build.0 = Release|Any CPU
		{6C145733-3A76-4AFA-85F6-8E782108A27B}.Debug|Any CPU.ActiveCfg = Debug|Any CPU
		{6C145733-3A76-4AFA-85F6-8E782108A27B}.Debug|Any CPU.Build.0 = Debug|Any CPU
		{6C145733-3A76-4AFA-85F6-8E782108A27B}.Release|Any CPU.ActiveCfg = Release|Any CPU
		{6C145733-3A76-4AFA-85F6-8E782108A27B}.Release|Any CPU.Build.0 = Release|Any CPU
	EndGlobalSection
	GlobalSection(SolutionProperties) = preSolution
		HideSolutionNode = FALSE
	EndGlobalSection
	GlobalSection(NestedProjects) = preSolution
		{B3CF5FB8-856D-4B3E-AD4C-376388DA658B} = {D3D1D3B1-E83B-4AB2-8AAE-47A008284576}
		{13930FA6-7596-4BBA-B813-DDA9B8DD928C} = {D3D1D3B1-E83B-4AB2-8AAE-47A008284576}
		{9402A81C-B557-4027-8F10-A68C57DB0054} = {D3D1D3B1-E83B-4AB2-8AAE-47A008284576}
		{51C18AE8-8F3C-472C-8290-AD06D439A7DF} = {D3D1D3B1-E83B-4AB2-8AAE-47A008284576}
		{74342E72-89AF-4218-B6EC-939FC4253443} = {D3D1D3B1-E83B-4AB2-8AAE-47A008284576}
		{6C145733-3A76-4AFA-85F6-8E782108A27B} = {D3D1D3B1-E83B-4AB2-8AAE-47A008284576}
	EndGlobalSection
	GlobalSection(ExtensibilityGlobals) = postSolution
		SolutionGuid = {4775C460-5A11-4461-B830-CEB58136BEE7}
	EndGlobalSection
EndGlobal
